
Microsoft Visual Studio Solution File, Format Version 12.00
# Visual Studio Version 16
VisualStudioVersion = 16.0.30309.148
MinimumVisualStudioVersion = 10.0.40219.1
Project("{FAE04EC0-301F-11D3-BF4B-00C04F79EFBC}") = "TheWeather.Android", "TheWeather\TheWeather.Android\TheWeather.Android.csproj", "{DD8A5947-B01B-4826-8527-73D89C3D4924}"
EndProject
Project("{FAE04EC0-301F-11D3-BF4B-00C04F79EFBC}") = "TheWeather", "TheWeather\TheWeather\TheWeather.csproj", "{E6F42E56-7F94-408F-8C5E-A8BE708738DD}"
EndProject
Global
	GlobalSection(SolutionConfigurationPlatforms) = preSolution
		Debug|Any CPU = Debug|Any CPU
		Release|Any CPU = Release|Any CPU
	EndGlobalSection
	GlobalSection(ProjectConfigurationPlatforms) = postSolution
		{DD8A5947-B01B-4826-8527-73D89C3D4924}.Debug|Any CPU.ActiveCfg = Debug|Any CPU
		{DD8A5947-B01B-4826-8527-73D89C3D4924}.Debug|Any CPU.Build.0 = Debug|Any CPU
		{DD8A5947-B01B-4826-8527-73D89C3D4924}.Debug|Any CPU.Deploy.0 = Debug|Any CPU
		{DD8A5947-B01B-4826-8527-73D89C3D4924}.Release|Any CPU.ActiveCfg = Release|Any CPU
		{DD8A5947-B01B-4826-8527-73D89C3D4924}.Release|Any CPU.Build.0 = Release|Any CPU
		{DD8A5947-B01B-4826-8527-73D89C3D4924}.Release|Any CPU.Deploy.0 = Release|Any CPU
		{E6F42E56-7F94-408F-8C5E-A8BE708738DD}.Debug|Any CPU.ActiveCfg = Debug|Any CPU
		{E6F42E56-7F94-408F-8C5E-A8BE708738DD}.Debug|Any CPU.Build.0 = Debug|Any CPU
		{E6F42E56-7F94-408F-8C5E-A8BE708738DD}.Debug|Any CPU.Deploy.0 = Debug|Any CPU
		{E6F42E56-7F94-408F-8C5E-A8BE708738DD}.Release|Any CPU.ActiveCfg = Release|Any CPU
		{E6F42E56-7F94-408F-8C5E-A8BE708738DD}.Release|Any CPU.Build.0 = Release|Any CPU
		{E6F42E56-7F94-408F-8C5E-A8BE708738DD}.Release|Any CPU.Deploy.0 = Release|Any CPU
	EndGlobalSection
	GlobalSection(SolutionProperties) = preSolution
		HideSolutionNode = FALSE
	EndGlobalSection
	GlobalSection(ExtensibilityGlobals) = postSolution
		SolutionGuid = {38FD8866-EA93-4BAA-B9B1-00AD31223D87}
	EndGlobalSection
EndGlobal
